
Microsoft Visual Studio Solution File, Format Version 12.00
# Visual Studio 2012
VisualStudioVersion = 12.0.30723.0
MinimumVisualStudioVersion = 10.0.40219.1
Project("{2150E333-8FDC-42A3-9474-1A3956D46DE8}") = "Platforms", "Platforms", "{5718BE96-9B72-4400-8625-67FEDB22C250}"
EndProject
Project("{FAE04EC0-301F-11D3-BF4B-00C04F79EFBC}") = "Silkweb.Mobile.MountainWeather.Android", "Android\Silkweb.Mobile.MountainWeather.Android.csproj", "{A37F567A-4CC5-438A-8C7A-964A90DA1576}"
EndProject
Project("{FAE04EC0-301F-11D3-BF4B-00C04F79EFBC}") = "Silkweb.Mobile.MountainWeather.iOS", "iOS\Silkweb.Mobile.MountainWeather.iOS.csproj", "{5B0CD6CA-4AC8-4921-BFF2-92FE13BA3E3B}"
EndProject
Project("{FAE04EC0-301F-11D3-BF4B-00C04F79EFBC}") = "Silkweb.Mobile.MountainWeather.WinPhone", "WinPhone\Silkweb.Mobile.MountainWeather.WinPhone.csproj", "{69B2DE7D-4DAF-47B7-AA2A-E98A8F19EFFB}"
EndProject
Project("{2150E333-8FDC-42A3-9474-1A3956D46DE8}") = "Core", "Core", "{5CD32DE5-561E-43CD-9B0B-04AAF7361BC2}"
EndProject
Project("{FAE04EC0-301F-11D3-BF4B-00C04F79EFBC}") = "Silkweb.Mobile.Core", "Silkweb.Mobile.Core\Silkweb.Mobile.Core.csproj", "{7B272960-22E5-4365-97C6-E930277F872E}"
EndProject
Project("{FAE04EC0-301F-11D3-BF4B-00C04F79EFBC}") = "Silkweb.Mobile.Core.Tests", "Silkweb.Mobile.Core.Tests\Silkweb.Mobile.Core.Tests.csproj", "{37217F54-7985-4760-B16E-427268F8E0E5}"
EndProject
Project("{2150E333-8FDC-42A3-9474-1A3956D46DE8}") = "Shared", "Shared", "{1BBD0C84-3F76-447C-B0DD-0DF8A979AEA5}"
EndProject
Project("{FAE04EC0-301F-11D3-BF4B-00C04F79EFBC}") = "Silkweb.Mobile.MountainWeather", "Silkweb.Mobile.MountainWeather\Silkweb.Mobile.MountainWeather.csproj", "{0A3E20CE-6561-4F6B-AD56-24FCCE1BDF98}"
EndProject
Project("{FAE04EC0-301F-11D3-BF4B-00C04F79EFBC}") = "Silkweb.Mobile.MountainWeather.Tests", "Silkweb.Mobile.MountainWeather.Tests\Silkweb.Mobile.MountainWeather.Tests.csproj", "{F47D2D21-C606-4E80-BAD8-78166841FF41}"
EndProject
Project("{2150E333-8FDC-42A3-9474-1A3956D46DE8}") = "SolutionItems", "SolutionItems", "{4FC3BA8F-DEF7-403B-9F97-6F9060CD060D}"
	ProjectSection(SolutionItems) = preProject
		DataPoint_API_reference.pdf = DataPoint_API_reference.pdf
	EndProjectSection
EndProject
Global
	GlobalSection(SolutionConfigurationPlatforms) = preSolution
		Ad-Hoc|Any CPU = Ad-Hoc|Any CPU
		Ad-Hoc|iPhone = Ad-Hoc|iPhone
		Ad-Hoc|iPhoneSimulator = Ad-Hoc|iPhoneSimulator
		AppStore|Any CPU = AppStore|Any CPU
		AppStore|iPhone = AppStore|iPhone
		AppStore|iPhoneSimulator = AppStore|iPhoneSimulator
		Debug|Any CPU = Debug|Any CPU
		Debug|iPhone = Debug|iPhone
		Debug|iPhoneSimulator = Debug|iPhoneSimulator
		Release|Any CPU = Release|Any CPU
		Release|iPhone = Release|iPhone
		Release|iPhoneSimulator = Release|iPhoneSimulator
	EndGlobalSection
	GlobalSection(ProjectConfigurationPlatforms) = postSolution
		{0A3E20CE-6561-4F6B-AD56-24FCCE1BDF98}.Ad-Hoc|Any CPU.ActiveCfg = Release|Any CPU
		{0A3E20CE-6561-4F6B-AD56-24FCCE1BDF98}.Ad-Hoc|Any CPU.Build.0 = Release|Any CPU
		{0A3E20CE-6561-4F6B-AD56-24FCCE1BDF98}.Ad-Hoc|iPhone.ActiveCfg = Release|Any CPU
		{0A3E20CE-6561-4F6B-AD56-24FCCE1BDF98}.Ad-Hoc|iPhone.Build.0 = Release|Any CPU
		{0A3E20CE-6561-4F6B-AD56-24FCCE1BDF98}.Ad-Hoc|iPhoneSimulator.ActiveCfg = Release|Any CPU
		{0A3E20CE-6561-4F6B-AD56-24FCCE1BDF98}.Ad-Hoc|iPhoneSimulator.Build.0 = Release|Any CPU
		{0A3E20CE-6561-4F6B-AD56-24FCCE1BDF98}.AppStore|Any CPU.ActiveCfg = Release|Any CPU
		{0A3E20CE-6561-4F6B-AD56-24FCCE1BDF98}.AppStore|Any CPU.Build.0 = Release|Any CPU
		{0A3E20CE-6561-4F6B-AD56-24FCCE1BDF98}.AppStore|iPhone.ActiveCfg = Release|Any CPU
		{0A3E20CE-6561-4F6B-AD56-24FCCE1BDF98}.AppStore|iPhone.Build.0 = Release|Any CPU
		{0A3E20CE-6561-4F6B-AD56-24FCCE1BDF98}.AppStore|iPhoneSimulator.ActiveCfg = Release|Any CPU
		{0A3E20CE-6561-4F6B-AD56-24FCCE1BDF98}.AppStore|iPhoneSimulator.Build.0 = Release|Any CPU
		{0A3E20CE-6561-4F6B-AD56-24FCCE1BDF98}.Debug|Any CPU.ActiveCfg = Debug|Any CPU
		{0A3E20CE-6561-4F6B-AD56-24FCCE1BDF98}.Debug|Any CPU.Build.0 = Debug|Any CPU
		{0A3E20CE-6561-4F6B-AD56-24FCCE1BDF98}.Debug|iPhone.ActiveCfg = Debug|Any CPU
		{0A3E20CE-6561-4F6B-AD56-24FCCE1BDF98}.Debug|iPhone.Build.0 = Debug|Any CPU
		{0A3E20CE-6561-4F6B-AD56-24FCCE1BDF98}.Debug|iPhoneSimulator.ActiveCfg = Debug|Any CPU
		{0A3E20CE-6561-4F6B-AD56-24FCCE1BDF98}.Debug|iPhoneSimulator.Build.0 = Debug|Any CPU
		{0A3E20CE-6561-4F6B-AD56-24FCCE1BDF98}.Release|Any CPU.ActiveCfg = Release|Any CPU
		{0A3E20CE-6561-4F6B-AD56-24FCCE1BDF98}.Release|Any CPU.Build.0 = Release|Any CPU
		{0A3E20CE-6561-4F6B-AD56-24FCCE1BDF98}.Release|iPhone.ActiveCfg = Release|Any CPU
		{0A3E20CE-6561-4F6B-AD56-24FCCE1BDF98}.Release|iPhone.Build.0 = Release|Any CPU
		{0A3E20CE-6561-4F6B-AD56-24FCCE1BDF98}.Release|iPhoneSimulator.ActiveCfg = Release|Any CPU
		{0A3E20CE-6561-4F6B-AD56-24FCCE1BDF98}.Release|iPhoneSimulator.Build.0 = Release|Any CPU
		{37217F54-7985-4760-B16E-427268F8E0E5}.Ad-Hoc|Any CPU.ActiveCfg = Release|Any CPU
		{37217F54-7985-4760-B16E-427268F8E0E5}.Ad-Hoc|Any CPU.Build.0 = Release|Any CPU
		{37217F54-7985-4760-B16E-427268F8E0E5}.Ad-Hoc|iPhone.ActiveCfg = Release|Any CPU
		{37217F54-7985-4760-B16E-427268F8E0E5}.Ad-Hoc|iPhone.Build.0 = Release|Any CPU
		{37217F54-7985-4760-B16E-427268F8E0E5}.Ad-Hoc|iPhoneSimulator.ActiveCfg = Release|Any CPU
		{37217F54-7985-4760-B16E-427268F8E0E5}.Ad-Hoc|iPhoneSimulator.Build.0 = Release|Any CPU
		{37217F54-7985-4760-B16E-427268F8E0E5}.AppStore|Any CPU.ActiveCfg = Release|Any CPU
		{37217F54-7985-4760-B16E-427268F8E0E5}.AppStore|Any CPU.Build.0 = Release|Any CPU
		{37217F54-7985-4760-B16E-427268F8E0E5}.AppStore|iPhone.ActiveCfg = Release|Any CPU
		{37217F54-7985-4760-B16E-427268F8E0E5}.AppStore|iPhone.Build.0 = Release|Any CPU
		{37217F54-7985-4760-B16E-427268F8E0E5}.AppStore|iPhoneSimulator.ActiveCfg = Release|Any CPU
		{37217F54-7985-4760-B16E-427268F8E0E5}.AppStore|iPhoneSimulator.Build.0 = Release|Any CPU
		{37217F54-7985-4760-B16E-427268F8E0E5}.Debug|Any CPU.ActiveCfg = Debug|Any CPU
		{37217F54-7985-4760-B16E-427268F8E0E5}.Debug|Any CPU.Build.0 = Debug|Any CPU
		{37217F54-7985-4760-B16E-427268F8E0E5}.Debug|iPhone.ActiveCfg = Debug|Any CPU
		{37217F54-7985-4760-B16E-427268F8E0E5}.Debug|iPhone.Build.0 = Debug|Any CPU
		{37217F54-7985-4760-B16E-427268F8E0E5}.Debug|iPhoneSimulator.ActiveCfg = Debug|Any CPU
		{37217F54-7985-4760-B16E-427268F8E0E5}.Debug|iPhoneSimulator.Build.0 = Debug|Any CPU
		{37217F54-7985-4760-B16E-427268F8E0E5}.Release|Any CPU.ActiveCfg = Release|Any CPU
		{37217F54-7985-4760-B16E-427268F8E0E5}.Release|Any CPU.Build.0 = Release|Any CPU
		{37217F54-7985-4760-B16E-427268F8E0E5}.Release|iPhone.ActiveCfg = Release|Any CPU
		{37217F54-7985-4760-B16E-427268F8E0E5}.Release|iPhone.Build.0 = Release|Any CPU
		{37217F54-7985-4760-B16E-427268F8E0E5}.Release|iPhoneSimulator.ActiveCfg = Release|Any CPU
		{37217F54-7985-4760-B16E-427268F8E0E5}.Release|iPhoneSimulator.Build.0 = Release|Any CPU
		{5B0CD6CA-4AC8-4921-BFF2-92FE13BA3E3B}.Ad-Hoc|Any CPU.ActiveCfg = Ad-Hoc|iPhoneSimulator
		{5B0CD6CA-4AC8-4921-BFF2-92FE13BA3E3B}.Ad-Hoc|iPhone.ActiveCfg = Ad-Hoc|iPhone
		{5B0CD6CA-4AC8-4921-BFF2-92FE13BA3E3B}.Ad-Hoc|iPhone.Build.0 = Ad-Hoc|iPhone
		{5B0CD6CA-4AC8-4921-BFF2-92FE13BA3E3B}.Ad-Hoc|iPhoneSimulator.ActiveCfg = Ad-Hoc|iPhoneSimulator
		{5B0CD6CA-4AC8-4921-BFF2-92FE13BA3E3B}.Ad-Hoc|iPhoneSimulator.Build.0 = Ad-Hoc|iPhoneSimulator
		{5B0CD6CA-4AC8-4921-BFF2-92FE13BA3E3B}.AppStore|Any CPU.ActiveCfg = AppStore|iPhoneSimulator
		{5B0CD6CA-4AC8-4921-BFF2-92FE13BA3E3B}.AppStore|iPhone.ActiveCfg = AppStore|iPhone
		{5B0CD6CA-4AC8-4921-BFF2-92FE13BA3E3B}.AppStore|iPhone.Build.0 = AppStore|iPhone
		{5B0CD6CA-4AC8-4921-BFF2-92FE13BA3E3B}.AppStore|iPhoneSimulator.ActiveCfg = AppStore|iPhoneSimulator
		{5B0CD6CA-4AC8-4921-BFF2-92FE13BA3E3B}.AppStore|iPhoneSimulator.Build.0 = AppStore|iPhoneSimulator
		{5B0CD6CA-4AC8-4921-BFF2-92FE13BA3E3B}.Debug|Any CPU.ActiveCfg = Debug|iPhoneSimulator
		{5B0CD6CA-4AC8-4921-BFF2-92FE13BA3E3B}.Debug|Any CPU.Build.0 = Debug|iPhoneSimulator
		{5B0CD6CA-4AC8-4921-BFF2-92FE13BA3E3B}.Debug|iPhone.ActiveCfg = Debug|iPhone
		{5B0CD6CA-4AC8-4921-BFF2-92FE13BA3E3B}.Debug|iPhone.Build.0 = Debug|iPhone
		{5B0CD6CA-4AC8-4921-BFF2-92FE13BA3E3B}.Debug|iPhoneSimulator.ActiveCfg = Debug|iPhoneSimulator
		{5B0CD6CA-4AC8-4921-BFF2-92FE13BA3E3B}.Debug|iPhoneSimulator.Build.0 = Debug|iPhoneSimulator
		{5B0CD6CA-4AC8-4921-BFF2-92FE13BA3E3B}.Release|Any CPU.ActiveCfg = Release|iPhoneSimulator
		{5B0CD6CA-4AC8-4921-BFF2-92FE13BA3E3B}.Release|Any CPU.Build.0 = Release|iPhoneSimulator
		{5B0CD6CA-4AC8-4921-BFF2-92FE13BA3E3B}.Release|iPhone.ActiveCfg = Release|iPhone
		{5B0CD6CA-4AC8-4921-BFF2-92FE13BA3E3B}.Release|iPhone.Build.0 = Release|iPhone
		{5B0CD6CA-4AC8-4921-BFF2-92FE13BA3E3B}.Release|iPhoneSimulator.ActiveCfg = Release|iPhoneSimulator
		{5B0CD6CA-4AC8-4921-BFF2-92FE13BA3E3B}.Release|iPhoneSimulator.Build.0 = Release|iPhoneSimulator
		{69B2DE7D-4DAF-47B7-AA2A-E98A8F19EFFB}.Ad-Hoc|Any CPU.ActiveCfg = Debug|Any CPU
		{69B2DE7D-4DAF-47B7-AA2A-E98A8F19EFFB}.Ad-Hoc|Any CPU.Build.0 = Debug|Any CPU
		{69B2DE7D-4DAF-47B7-AA2A-E98A8F19EFFB}.Ad-Hoc|iPhone.ActiveCfg = Debug|Any CPU
		{69B2DE7D-4DAF-47B7-AA2A-E98A8F19EFFB}.Ad-Hoc|iPhone.Build.0 = Debug|Any CPU
		{69B2DE7D-4DAF-47B7-AA2A-E98A8F19EFFB}.Ad-Hoc|iPhoneSimulator.ActiveCfg = Debug|Any CPU
		{69B2DE7D-4DAF-47B7-AA2A-E98A8F19EFFB}.Ad-Hoc|iPhoneSimulator.Build.0 = Debug|Any CPU
		{69B2DE7D-4DAF-47B7-AA2A-E98A8F19EFFB}.AppStore|Any CPU.ActiveCfg = Debug|Any CPU
		{69B2DE7D-4DAF-47B7-AA2A-E98A8F19EFFB}.AppStore|Any CPU.Build.0 = Debug|Any CPU
		{69B2DE7D-4DAF-47B7-AA2A-E98A8F19EFFB}.AppStore|iPhone.ActiveCfg = Debug|Any CPU
		{69B2DE7D-4DAF-47B7-AA2A-E98A8F19EFFB}.AppStore|iPhone.Build.0 = Debug|Any CPU
		{69B2DE7D-4DAF-47B7-AA2A-E98A8F19EFFB}.AppStore|iPhoneSimulator.ActiveCfg = Debug|Any CPU
		{69B2DE7D-4DAF-47B7-AA2A-E98A8F19EFFB}.AppStore|iPhoneSimulator.Build.0 = Debug|Any CPU
		{69B2DE7D-4DAF-47B7-AA2A-E98A8F19EFFB}.Debug|Any CPU.ActiveCfg = Debug|Any CPU
		{69B2DE7D-4DAF-47B7-AA2A-E98A8F19EFFB}.Debug|Any CPU.Build.0 = Debug|Any CPU
		{69B2DE7D-4DAF-47B7-AA2A-E98A8F19EFFB}.Debug|Any CPU.Deploy.0 = Debug|Any CPU
		{69B2DE7D-4DAF-47B7-AA2A-E98A8F19EFFB}.Debug|iPhone.ActiveCfg = Debug|Any CPU
		{69B2DE7D-4DAF-47B7-AA2A-E98A8F19EFFB}.Debug|iPhone.Build.0 = Debug|Any CPU
		{69B2DE7D-4DAF-47B7-AA2A-E98A8F19EFFB}.Debug|iPhoneSimulator.ActiveCfg = Debug|Any CPU
		{69B2DE7D-4DAF-47B7-AA2A-E98A8F19EFFB}.Debug|iPhoneSimulator.Build.0 = Debug|Any CPU
		{69B2DE7D-4DAF-47B7-AA2A-E98A8F19EFFB}.Release|Any CPU.ActiveCfg = Release|Any CPU
		{69B2DE7D-4DAF-47B7-AA2A-E98A8F19EFFB}.Release|Any CPU.Build.0 = Release|Any CPU
		{69B2DE7D-4DAF-47B7-AA2A-E98A8F19EFFB}.Release|iPhone.ActiveCfg = Release|Any CPU
		{69B2DE7D-4DAF-47B7-AA2A-E98A8F19EFFB}.Release|iPhone.Build.0 = Release|Any CPU
		{69B2DE7D-4DAF-47B7-AA2A-E98A8F19EFFB}.Release|iPhoneSimulator.ActiveCfg = Release|Any CPU
		{69B2DE7D-4DAF-47B7-AA2A-E98A8F19EFFB}.Release|iPhoneSimulator.Build.0 = Release|Any CPU
		{7B272960-22E5-4365-97C6-E930277F872E}.Ad-Hoc|Any CPU.ActiveCfg = Release|Any CPU
		{7B272960-22E5-4365-97C6-E930277F872E}.Ad-Hoc|Any CPU.Build.0 = Release|Any CPU
		{7B272960-22E5-4365-97C6-E930277F872E}.Ad-Hoc|iPhone.ActiveCfg = Debug|Any CPU
		{7B272960-22E5-4365-97C6-E930277F872E}.Ad-Hoc|iPhone.Build.0 = Debug|Any CPU
		{7B272960-22E5-4365-97C6-E930277F872E}.Ad-Hoc|iPhoneSimulator.ActiveCfg = Release|Any CPU
		{7B272960-22E5-4365-97C6-E930277F872E}.AppStore|Any CPU.ActiveCfg = Release|Any CPU
		{7B272960-22E5-4365-97C6-E930277F872E}.AppStore|Any CPU.Build.0 = Release|Any CPU
		{7B272960-22E5-4365-97C6-E930277F872E}.AppStore|iPhone.ActiveCfg = Debug|Any CPU
		{7B272960-22E5-4365-97C6-E930277F872E}.AppStore|iPhone.Build.0 = Debug|Any CPU
		{7B272960-22E5-4365-97C6-E930277F872E}.AppStore|iPhoneSimulator.ActiveCfg = Release|Any CPU
		{7B272960-22E5-4365-97C6-E930277F872E}.Debug|Any CPU.ActiveCfg = Debug|Any CPU
		{7B272960-22E5-4365-97C6-E930277F872E}.Debug|Any CPU.Build.0 = Debug|Any CPU
		{7B272960-22E5-4365-97C6-E930277F872E}.Debug|iPhone.ActiveCfg = Debug|Any CPU
		{7B272960-22E5-4365-97C6-E930277F872E}.Debug|iPhone.Build.0 = Debug|Any CPU
		{7B272960-22E5-4365-97C6-E930277F872E}.Debug|iPhoneSimulator.ActiveCfg = Debug|Any CPU
		{7B272960-22E5-4365-97C6-E930277F872E}.Debug|iPhoneSimulator.Build.0 = Debug|Any CPU
		{7B272960-22E5-4365-97C6-E930277F872E}.Release|Any CPU.ActiveCfg = Release|Any CPU
		{7B272960-22E5-4365-97C6-E930277F872E}.Release|Any CPU.Build.0 = Release|Any CPU
		{7B272960-22E5-4365-97C6-E930277F872E}.Release|iPhone.ActiveCfg = Release|Any CPU
		{7B272960-22E5-4365-97C6-E930277F872E}.Release|iPhone.Build.0 = Release|Any CPU
		{7B272960-22E5-4365-97C6-E930277F872E}.Release|iPhoneSimulator.ActiveCfg = Release|Any CPU
		{7B272960-22E5-4365-97C6-E930277F872E}.Release|iPhoneSimulator.Build.0 = Release|Any CPU
		{A37F567A-4CC5-438A-8C7A-964A90DA1576}.Ad-Hoc|Any CPU.ActiveCfg = Release|Any CPU
		{A37F567A-4CC5-438A-8C7A-964A90DA1576}.Ad-Hoc|Any CPU.Build.0 = Release|Any CPU
		{A37F567A-4CC5-438A-8C7A-964A90DA1576}.Ad-Hoc|Any CPU.Deploy.0 = Release|Any CPU
		{A37F567A-4CC5-438A-8C7A-964A90DA1576}.Ad-Hoc|iPhone.ActiveCfg = Debug|Any CPU
		{A37F567A-4CC5-438A-8C7A-964A90DA1576}.Ad-Hoc|iPhone.Build.0 = Debug|Any CPU
		{A37F567A-4CC5-438A-8C7A-964A90DA1576}.Ad-Hoc|iPhoneSimulator.ActiveCfg = Release|Any CPU
		{A37F567A-4CC5-438A-8C7A-964A90DA1576}.AppStore|Any CPU.ActiveCfg = Release|Any CPU
		{A37F567A-4CC5-438A-8C7A-964A90DA1576}.AppStore|Any CPU.Build.0 = Release|Any CPU
		{A37F567A-4CC5-438A-8C7A-964A90DA1576}.AppStore|Any CPU.Deploy.0 = Release|Any CPU
		{A37F567A-4CC5-438A-8C7A-964A90DA1576}.AppStore|iPhone.ActiveCfg = Debug|Any CPU
		{A37F567A-4CC5-438A-8C7A-964A90DA1576}.AppStore|iPhone.Build.0 = Debug|Any CPU
		{A37F567A-4CC5-438A-8C7A-964A90DA1576}.AppStore|iPhoneSimulator.ActiveCfg = Release|Any CPU
		{A37F567A-4CC5-438A-8C7A-964A90DA1576}.Debug|Any CPU.ActiveCfg = Debug|Any CPU
		{A37F567A-4CC5-438A-8C7A-964A90DA1576}.Debug|Any CPU.Build.0 = Debug|Any CPU
		{A37F567A-4CC5-438A-8C7A-964A90DA1576}.Debug|Any CPU.Deploy.0 = Debug|Any CPU
		{A37F567A-4CC5-438A-8C7A-964A90DA1576}.Debug|iPhone.ActiveCfg = Debug|Any CPU
		{A37F567A-4CC5-438A-8C7A-964A90DA1576}.Debug|iPhone.Build.0 = Debug|Any CPU
		{A37F567A-4CC5-438A-8C7A-964A90DA1576}.Debug|iPhoneSimulator.ActiveCfg = Debug|Any CPU
		{A37F567A-4CC5-438A-8C7A-964A90DA1576}.Debug|iPhoneSimulator.Build.0 = Debug|Any CPU
		{A37F567A-4CC5-438A-8C7A-964A90DA1576}.Release|Any CPU.ActiveCfg = Release|Any CPU
		{A37F567A-4CC5-438A-8C7A-964A90DA1576}.Release|Any CPU.Build.0 = Release|Any CPU
		{A37F567A-4CC5-438A-8C7A-964A90DA1576}.Release|iPhone.ActiveCfg = Release|Any CPU
		{A37F567A-4CC5-438A-8C7A-964A90DA1576}.Release|iPhone.Build.0 = Release|Any CPU
		{A37F567A-4CC5-438A-8C7A-964A90DA1576}.Release|iPhoneSimulator.ActiveCfg = Release|Any CPU
		{A37F567A-4CC5-438A-8C7A-964A90DA1576}.Release|iPhoneSimulator.Build.0 = Release|Any CPU
		{F47D2D21-C606-4E80-BAD8-78166841FF41}.Ad-Hoc|Any CPU.ActiveCfg = Release|Any CPU
		{F47D2D21-C606-4E80-BAD8-78166841FF41}.Ad-Hoc|Any CPU.Build.0 = Release|Any CPU
		{F47D2D21-C606-4E80-BAD8-78166841FF41}.Ad-Hoc|iPhone.ActiveCfg = Release|Any CPU
		{F47D2D21-C606-4E80-BAD8-78166841FF41}.Ad-Hoc|iPhone.Build.0 = Release|Any CPU
		{F47D2D21-C606-4E80-BAD8-78166841FF41}.Ad-Hoc|iPhoneSimulator.ActiveCfg = Release|Any CPU
		{F47D2D21-C606-4E80-BAD8-78166841FF41}.Ad-Hoc|iPhoneSimulator.Build.0 = Release|Any CPU
		{F47D2D21-C606-4E80-BAD8-78166841FF41}.AppStore|Any CPU.ActiveCfg = Release|Any CPU
		{F47D2D21-C606-4E80-BAD8-78166841FF41}.AppStore|Any CPU.Build.0 = Release|Any CPU
		{F47D2D21-C606-4E80-BAD8-78166841FF41}.AppStore|iPhone.ActiveCfg = Release|Any CPU
		{F47D2D21-C606-4E80-BAD8-78166841FF41}.AppStore|iPhone.Build.0 = Release|Any CPU
		{F47D2D21-C606-4E80-BAD8-78166841FF41}.AppStore|iPhoneSimulator.ActiveCfg = Release|Any CPU
		{F47D2D21-C606-4E80-BAD8-78166841FF41}.AppStore|iPhoneSimulator.Build.0 = Release|Any CPU
		{F47D2D21-C606-4E80-BAD8-78166841FF41}.Debug|Any CPU.ActiveCfg = Debug|Any CPU
		{F47D2D21-C606-4E80-BAD8-78166841FF41}.Debug|Any CPU.Build.0 = Debug|Any CPU
		{F47D2D21-C606-4E80-BAD8-78166841FF41}.Debug|iPhone.ActiveCfg = Debug|Any CPU
		{F47D2D21-C606-4E80-BAD8-78166841FF41}.Debug|iPhone.Build.0 = Debug|Any CPU
		{F47D2D21-C606-4E80-BAD8-78166841FF41}.Debug|iPhoneSimulator.ActiveCfg = Debug|Any CPU
		{F47D2D21-C606-4E80-BAD8-78166841FF41}.Debug|iPhoneSimulator.Build.0 = Debug|Any CPU
		{F47D2D21-C606-4E80-BAD8-78166841FF41}.Release|Any CPU.ActiveCfg = Release|Any CPU
		{F47D2D21-C606-4E80-BAD8-78166841FF41}.Release|Any CPU.Build.0 = Release|Any CPU
		{F47D2D21-C606-4E80-BAD8-78166841FF41}.Release|iPhone.ActiveCfg = Release|Any CPU
		{F47D2D21-C606-4E80-BAD8-78166841FF41}.Release|iPhone.Build.0 = Release|Any CPU
		{F47D2D21-C606-4E80-BAD8-78166841FF41}.Release|iPhoneSimulator.ActiveCfg = Release|Any CPU
		{F47D2D21-C606-4E80-BAD8-78166841FF41}.Release|iPhoneSimulator.Build.0 = Release|Any CPU
	EndGlobalSection
	GlobalSection(NestedProjects) = preSolution
		{A37F567A-4CC5-438A-8C7A-964A90DA1576} = {5718BE96-9B72-4400-8625-67FEDB22C250}
		{5B0CD6CA-4AC8-4921-BFF2-92FE13BA3E3B} = {5718BE96-9B72-4400-8625-67FEDB22C250}
		{69B2DE7D-4DAF-47B7-AA2A-E98A8F19EFFB} = {5718BE96-9B72-4400-8625-67FEDB22C250}
		{7B272960-22E5-4365-97C6-E930277F872E} = {5CD32DE5-561E-43CD-9B0B-04AAF7361BC2}
		{37217F54-7985-4760-B16E-427268F8E0E5} = {5CD32DE5-561E-43CD-9B0B-04AAF7361BC2}
		{0A3E20CE-6561-4F6B-AD56-24FCCE1BDF98} = {1BBD0C84-3F76-447C-B0DD-0DF8A979AEA5}
		{F47D2D21-C606-4E80-BAD8-78166841FF41} = {1BBD0C84-3F76-447C-B0DD-0DF8A979AEA5}
	EndGlobalSection
	GlobalSection(MonoDevelopProperties) = preSolution
		StartupItem = iOS\Silkweb.Mobile.MountainWeather.iOS.csproj
		Policies = $0
		$0.DotNetNamingPolicy = $1
		$1.DirectoryNamespaceAssociation = PrefixedFlat
		$1.ResourceNamePolicy = FileName
	EndGlobalSection
	GlobalSection(SolutionProperties) = preSolution
		HideSolutionNode = FALSE
	EndGlobalSection
EndGlobal
